{
  "version": 4,
  "terraform_version": "1.14.4",
  "serial": 44,
  "lineage": "a4f744ce-8b78-7505-ce58-a69041e333e4",
  "outputs": {
    "repository_id": {
      "value": "selfcare-monorepo-poc",
      "type": "string"
    },
    "repository_name": {
      "value": "selfcare-monorepo-poc",
      "type": "string"
    }
  },
  "resources": [
    {
      "module": "module.github_repository",
      "mode": "data",
      "type": "github_organization_teams",
      "name": "all",
      "provider": "provider[\"registry.terraform.io/integrations/github\"]",
      "instances": [
        {
          "schema_version": 0,
          "attributes": {
            "id": "MDEyOk9yZ2FuaXphdGlvbjU3NzQyMzY3",
            "results_per_page": 100,
            "root_teams_only": true,
            "summary_only": true,
            "teams": [
              {
                "description": "",
                "id": 4713176,
                "members": [],
                "name": "io-app",
                "node_id": "MDQ6VGVhbTQ3MTMxNzY=",
                "parent": {
                  "id": "",
                  "name": "",
                  "slug": ""
                },
                "parent_team_id": "",
                "parent_team_slug": "",
                "privacy": "VISIBLE",
                "repositories": [],
                "slug": "io-app"
              },
              {
                "description": "",
                "id": 4749060,
                "members": [],
                "name": "pdnd-datalake",
                "node_id": "MDQ6VGVhbTQ3NDkwNjA=",
                "parent": {
                  "id": "",
                  "name": "",
                  "slug": ""
                },
                "parent_team_id": "",
                "parent_team_slug": "",
                "privacy": "VISIBLE",
                "repositories": [],
                "slug": "pdnd-datalake"
              },
              {
                "description": "",
                "id": 4830012,
                "members": [],
                "name": "pagoPA-checkout",
                "node_id": "MDQ6VGVhbTQ4MzAwMTI=",
                "parent": {
                  "id": "",
                  "name": "",
                  "slug": ""
                },
                "parent_team_id": "",
                "parent_team_slug": "",
                "privacy": "VISIBLE",
                "repositories": [],
                "slug": "pagopa-checkout"
              },
              {
                "description": "",
                "id": 4863159,
                "members": [],
                "name": "io-backend-admin",
                "node_id": "MDQ6VGVhbTQ4NjMxNTk=",
                "parent": {
                  "id": "",
                  "name": "",
                  "slug": ""
                },
                "parent_team_id": "",
                "parent_team_slug": "",
                "privacy": "VISIBLE",
                "repositories": [],
                "slug": "io-backend-admin"
              },
              {
                "description": "",
                "id": 5015281,
                "members": [],
                "name": "io-backend-contributors",
                "node_id": "T_kwDOA3EUH84ATIbx",
                "parent": {
                  "id": "",
                  "name": "",
                  "slug": ""
                },
                "parent_team_id": "",
                "parent_team_slug": "",
                "privacy": "VISIBLE",
                "repositories": [],
                "slug": "io-backend-contributors"
              },
              {
                "description": "",
                "id": 5571488,
                "members": [],
                "name": "frontend-web-admin",
                "node_id": "T_kwDOA3EUH84AVQOg",
                "parent": {
                  "id": "",
                  "name": "",
                  "slug": ""
                },
                "parent_team_id": "",
                "parent_team_slug": "",
                "privacy": "VISIBLE",
                "repositories": [],
                "slug": "frontend-web-admin"
              },
              {
                "description": "",
                "id": 5571495,
                "members": [],
                "name": "frontend-web-contributors",
                "node_id": "T_kwDOA3EUH84AVQOn",
                "parent": {
                  "id": "",
                  "name": "",
                  "slug": ""
                },
                "parent_team_id": "",
                "parent_team_slug": "",
                "privacy": "VISIBLE",
                "repositories": [],
                "slug": "frontend-web-contributors"
              },
              {
                "description": "",
                "id": 6081355,
                "members": [],
                "name": "mui-italia-admin",
                "node_id": "T_kwDOA3EUH84AXMtL",
                "parent": {
                  "id": "",
                  "name": "",
                  "slug": ""
                },
                "parent_team_id": "",
                "parent_team_slug": "",
                "privacy": "VISIBLE",
                "repositories": [],
                "slug": "mui-italia-admin"
              },
              {
                "description": "",
                "id": 6081357,
                "members": [],
                "name": "mui-italia-contributors",
                "node_id": "T_kwDOA3EUH84AXMtN",
                "parent": {
                  "id": "",
                  "name": "",
                  "slug": ""
                },
                "parent_team_id": "",
                "parent_team_slug": "",
                "privacy": "VISIBLE",
                "repositories": [],
                "slug": "mui-italia-contributors"
              },
              {
                "description": "",
                "id": 6271873,
                "members": [],
                "name": "pagopa-ecommerce",
                "node_id": "T_kwDOA3EUH84AX7OB",
                "parent": {
                  "id": "",
                  "name": "",
                  "slug": ""
                },
                "parent_team_id": "",
                "parent_team_slug": "",
                "privacy": "VISIBLE",
                "repositories": [],
                "slug": "pagopa-ecommerce"
              },
              {
                "description": "",
                "id": 7344246,
                "members": [],
                "name": "pdv-contributors",
                "node_id": "T_kwDOA3EUH84AcBB2",
                "parent": {
                  "id": "",
                  "name": "",
                  "slug": ""
                },
                "parent_team_id": "",
                "parent_team_slug": "",
                "privacy": "VISIBLE",
                "repositories": [],
                "slug": "pdv-contributors"
              },
              {
                "description": "",
                "id": 7380559,
                "members": [],
                "name": "pdnd-datalake-de",
                "node_id": "T_kwDOA3EUH84AcJ5P",
                "parent": {
                  "id": "",
                  "name": "",
                  "slug": ""
                },
                "parent_team_id": "",
                "parent_team_slug": "",
                "privacy": "VISIBLE",
                "repositories": [],
                "slug": "pdnd-datalake-de"
              },
              {
                "description": "",
                "id": 7411771,
                "members": [],
                "name": "pdnd-architecture",
                "node_id": "T_kwDOA3EUH84AcRg7",
                "parent": {
                  "id": "",
                  "name": "",
                  "slug": ""
                },
                "parent_team_id": "",
                "parent_team_slug": "",
                "privacy": "VISIBLE",
                "repositories": [],
                "slug": "pdnd-architecture"
              },
              {
                "description": "",
                "id": 7430786,
                "members": [],
                "name": "pdnd-dataviz",
                "node_id": "T_kwDOA3EUH84AcWKC",
                "parent": {
                  "id": "",
                  "name": "",
                  "slug": ""
                },
                "parent_team_id": "",
                "parent_team_slug": "",
                "privacy": "VISIBLE",
                "repositories": [],
                "slug": "pdnd-dataviz"
              },
              {
                "description": "",
                "id": 7459289,
                "members": [],
                "name": "pagopa-team-core",
                "node_id": "T_kwDOA3EUH84AcdHZ",
                "parent": {
                  "id": "",
                  "name": "",
                  "slug": ""
                },
                "parent_team_id": "",
                "parent_team_slug": "",
                "privacy": "VISIBLE",
                "repositories": [],
                "slug": "pagopa-team-core"
              },
              {
                "description": "",
                "id": 7598367,
                "members": [],
                "name": "editorial-components-contributors",
                "node_id": "T_kwDOA3EUH84Ac_Ef",
                "parent": {
                  "id": "",
                  "name": "",
                  "slug": ""
                },
                "parent_team_id": "",
                "parent_team_slug": "",
                "privacy": "VISIBLE",
                "repositories": [],
                "slug": "editorial-components-contributors"
              },
              {
                "description": "",
                "id": 7603771,
                "members": [],
                "name": "all-internal-users",
                "node_id": "T_kwDOA3EUH84AdAY7",
                "parent": {
                  "id": "",
                  "name": "",
                  "slug": ""
                },
                "parent_team_id": "",
                "parent_team_slug": "",
                "privacy": "VISIBLE",
                "repositories": [],
                "slug": "all-internal-users"
              },
              {
                "description": "",
                "id": 7810450,
                "members": [],
                "name": "engineering-tier-zero",
                "node_id": "T_kwDOA3EUH84Ady2S",
                "parent": {
                  "id": "",
                  "name": "",
                  "slug": ""
                },
                "parent_team_id": "",
                "parent_team_slug": "",
                "privacy": "VISIBLE",
                "repositories": [],
                "slug": "engineering-tier-zero"
              },
              {
                "description": "",
                "id": 7810451,
                "members": [],
                "name": "engineering-cloud",
                "node_id": "T_kwDOA3EUH84Ady2T",
                "parent": {
                  "id": "",
                  "name": "",
                  "slug": ""
                },
                "parent_team_id": "",
                "parent_team_slug": "",
                "privacy": "VISIBLE",
                "repositories": [],
                "slug": "engineering-cloud"
              },
              {
                "description": "",
                "id": 7824487,
                "members": [],
                "name": "selfcare-admin",
                "node_id": "T_kwDOA3EUH84Ad2Rn",
                "parent": {
                  "id": "",
                  "name": "",
                  "slug": ""
                },
                "parent_team_id": "",
                "parent_team_slug": "",
                "privacy": "VISIBLE",
                "repositories": [],
                "slug": "selfcare-admin"
              },
              {
                "description": "",
                "id": 7824488,
                "members": [],
                "name": "selfcare-contributors",
                "node_id": "T_kwDOA3EUH84Ad2Ro",
                "parent": {
                  "id": "",
                  "name": "",
                  "slug": ""
                },
                "parent_team_id": "",
                "parent_team_slug": "",
                "privacy": "VISIBLE",
                "repositories": [],
                "slug": "selfcare-contributors"
              },
              {
                "description": "",
                "id": 7824813,
                "members": [],
                "name": "io-sign-admins",
                "node_id": "T_kwDOA3EUH84Ad2Wt",
                "parent": {
                  "id": "",
                  "name": "",
                  "slug": ""
                },
                "parent_team_id": "",
                "parent_team_slug": "",
                "privacy": "VISIBLE",
                "repositories": [],
                "slug": "io-sign-admins"
              },
              {
                "description": "",
                "id": 7824814,
                "members": [],
                "name": "io-platform-green-unit",
                "node_id": "T_kwDOA3EUH84Ad2Wu",
                "parent": {
                  "id": "",
                  "name": "",
                  "slug": ""
                },
                "parent_team_id": "",
                "parent_team_slug": "",
                "privacy": "VISIBLE",
                "repositories": [],
                "slug": "io-platform-green-unit"
              },
              {
                "description": "",
                "id": 7824815,
                "members": [],
                "name": "io-std-admins",
                "node_id": "T_kwDOA3EUH84Ad2Wv",
                "parent": {
                  "id": "",
                  "name": "",
                  "slug": ""
                },
                "parent_team_id": "",
                "parent_team_slug": "",
                "privacy": "VISIBLE",
                "repositories": [],
                "slug": "io-std-admins"
              },
              {
                "description": "",
                "id": 7824816,
                "members": [],
                "name": "io-std-maintainers",
                "node_id": "T_kwDOA3EUH84Ad2Ww",
                "parent": {
                  "id": "",
                  "name": "",
                  "slug": ""
                },
                "parent_team_id": "",
                "parent_team_slug": "",
                "privacy": "VISIBLE",
                "repositories": [],
                "slug": "io-std-maintainers"
              },
              {
                "description": "",
                "id": 7824817,
                "members": [],
                "name": "io-sign-maintainers",
                "node_id": "T_kwDOA3EUH84Ad2Wx",
                "parent": {
                  "id": "",
                  "name": "",
                  "slug": ""
                },
                "parent_team_id": "",
                "parent_team_slug": "",
                "privacy": "VISIBLE",
                "repositories": [],
                "slug": "io-sign-maintainers"
              },
              {
                "description": "",
                "id": 7824906,
                "members": [],
                "name": "corporate-site-team",
                "node_id": "T_kwDOA3EUH84Ad2YK",
                "parent": {
                  "id": "",
                  "name": "",
                  "slug": ""
                },
                "parent_team_id": "",
                "parent_team_slug": "",
                "privacy": "VISIBLE",
                "repositories": [],
                "slug": "corporate-site-team"
              },
              {
                "description": "",
                "id": 7824941,
                "members": [],
                "name": "idpay-app-admin-team",
                "node_id": "T_kwDOA3EUH84Ad2Yt",
                "parent": {
                  "id": "",
                  "name": "",
                  "slug": ""
                },
                "parent_team_id": "",
                "parent_team_slug": "",
                "privacy": "VISIBLE",
                "repositories": [],
                "slug": "idpay-app-admin-team"
              },
              {
                "description": "",
                "id": 7824942,
                "members": [],
                "name": "idpay-app-maintainer-team",
                "node_id": "T_kwDOA3EUH84Ad2Yu",
                "parent": {
                  "id": "",
                  "name": "",
                  "slug": ""
                },
                "parent_team_id": "",
                "parent_team_slug": "",
                "privacy": "VISIBLE",
                "repositories": [],
                "slug": "idpay-app-maintainer-team"
              },
              {
                "description": "",
                "id": 7825234,
                "members": [],
                "name": "pn-pagopa-admin",
                "node_id": "T_kwDOA3EUH84Ad2dS",
                "parent": {
                  "id": "",
                  "name": "",
                  "slug": ""
                },
                "parent_team_id": "",
                "parent_team_slug": "",
                "privacy": "VISIBLE",
                "repositories": [],
                "slug": "pn-pagopa-admin"
              },
              {
                "description": "",
                "id": 7825236,
                "members": [],
                "name": "pn-pagopa-dev",
                "node_id": "T_kwDOA3EUH84Ad2dU",
                "parent": {
                  "id": "",
                  "name": "",
                  "slug": ""
                },
                "parent_team_id": "",
                "parent_team_slug": "",
                "privacy": "VISIBLE",
                "repositories": [],
                "slug": "pn-pagopa-dev"
              },
              {
                "description": "",
                "id": 7872151,
                "members": [],
                "name": "io-platform-contributors",
                "node_id": "T_kwDOA3EUH84AeB6X",
                "parent": {
                  "id": "",
                  "name": "",
                  "slug": ""
                },
                "parent_team_id": "",
                "parent_team_slug": "",
                "privacy": "VISIBLE",
                "repositories": [],
                "slug": "io-platform-contributors"
              },
              {
                "description": "",
                "id": 7933910,
                "members": [],
                "name": "pagopa-team-touchpoint",
                "node_id": "T_kwDOA3EUH84AeQ_W",
                "parent": {
                  "id": "",
                  "name": "",
                  "slug": ""
                },
                "parent_team_id": "",
                "parent_team_slug": "",
                "privacy": "VISIBLE",
                "repositories": [],
                "slug": "pagopa-team-touchpoint"
              },
              {
                "description": "",
                "id": 7934200,
                "members": [],
                "name": "io-app-contributors",
                "node_id": "T_kwDOA3EUH84AeRD4",
                "parent": {
                  "id": "",
                  "name": "",
                  "slug": ""
                },
                "parent_team_id": "",
                "parent_team_slug": "",
                "privacy": "VISIBLE",
                "repositories": [],
                "slug": "io-app-contributors"
              },
              {
                "description": "",
                "id": 7940563,
                "members": [],
                "name": "pagopa-team-backoffice",
                "node_id": "T_kwDOA3EUH84AeSnT",
                "parent": {
                  "id": "",
                  "name": "",
                  "slug": ""
                },
                "parent_team_id": "",
                "parent_team_slug": "",
                "privacy": "VISIBLE",
                "repositories": [],
                "slug": "pagopa-team-backoffice"
              },
              {
                "description": "",
                "id": 7982780,
                "members": [],
                "name": "devportal-admin",
                "node_id": "T_kwDOA3EUH84Aec68",
                "parent": {
                  "id": "",
                  "name": "",
                  "slug": ""
                },
                "parent_team_id": "",
                "parent_team_slug": "",
                "privacy": "VISIBLE",
                "repositories": [],
                "slug": "devportal-admin"
              },
              {
                "description": "",
                "id": 7982781,
                "members": [],
                "name": "devportal-write",
                "node_id": "T_kwDOA3EUH84Aec69",
                "parent": {
                  "id": "",
                  "name": "",
                  "slug": ""
                },
                "parent_team_id": "",
                "parent_team_slug": "",
                "privacy": "VISIBLE",
                "repositories": [],
                "slug": "devportal-write"
              },
              {
                "description": "",
                "id": 8022194,
                "members": [],
                "name": "io-wallet",
                "node_id": "T_kwDOA3EUH84Aemiy",
                "parent": {
                  "id": "",
                  "name": "",
                  "slug": ""
                },
                "parent_team_id": "",
                "parent_team_slug": "",
                "privacy": "VISIBLE",
                "repositories": [],
                "slug": "io-wallet"
              },
              {
                "description": "",
                "id": 8063265,
                "members": [],
                "name": "cgn-onboarding-portal-backend",
                "node_id": "T_kwDOA3EUH84Aewkh",
                "parent": {
                  "id": "",
                  "name": "",
                  "slug": ""
                },
                "parent_team_id": "",
                "parent_team_slug": "",
                "privacy": "VISIBLE",
                "repositories": [],
                "slug": "cgn-onboarding-portal-backend"
              },
              {
                "description": "",
                "id": 8063267,
                "members": [],
                "name": "cgn-onboarding-portal-frontend",
                "node_id": "T_kwDOA3EUH84Aewkj",
                "parent": {
                  "id": "",
                  "name": "",
                  "slug": ""
                },
                "parent_team_id": "",
                "parent_team_slug": "",
                "privacy": "VISIBLE",
                "repositories": [],
                "slug": "cgn-onboarding-portal-frontend"
              },
              {
                "description": "",
                "id": 8063268,
                "members": [],
                "name": "cgn-onboarding-portal-automations",
                "node_id": "T_kwDOA3EUH84Aewkk",
                "parent": {
                  "id": "",
                  "name": "",
                  "slug": ""
                },
                "parent_team_id": "",
                "parent_team_slug": "",
                "privacy": "VISIBLE",
                "repositories": [],
                "slug": "cgn-onboarding-portal-automations"
              },
              {
                "description": "",
                "id": 8063270,
                "members": [],
                "name": "cgn-onboarding-portal-admin",
                "node_id": "T_kwDOA3EUH84Aewkm",
                "parent": {
                  "id": "",
                  "name": "",
                  "slug": ""
                },
                "parent_team_id": "",
                "parent_team_slug": "",
                "privacy": "VISIBLE",
                "repositories": [],
                "slug": "cgn-onboarding-portal-admin"
              },
              {
                "description": "",
                "id": 8063271,
                "members": [],
                "name": "cgn-onboarding-portal-infra",
                "node_id": "T_kwDOA3EUH84Aewkn",
                "parent": {
                  "id": "",
                  "name": "",
                  "slug": ""
                },
                "parent_team_id": "",
                "parent_team_slug": "",
                "privacy": "VISIBLE",
                "repositories": [],
                "slug": "cgn-onboarding-portal-infra"
              },
              {
                "description": "",
                "id": 8070967,
                "members": [],
                "name": "swc-pos-team",
                "node_id": "T_kwDOA3EUH84Aeyc3",
                "parent": {
                  "id": "",
                  "name": "",
                  "slug": ""
                },
                "parent_team_id": "",
                "parent_team_slug": "",
                "privacy": "VISIBLE",
                "repositories": [],
                "slug": "swc-pos-team"
              },
              {
                "description": "",
                "id": 8076900,
                "members": [],
                "name": "data-strategy-team",
                "node_id": "T_kwDOA3EUH84Aez5k",
                "parent": {
                  "id": "",
                  "name": "",
                  "slug": ""
                },
                "parent_team_id": "",
                "parent_team_slug": "",
                "privacy": "VISIBLE",
                "repositories": [],
                "slug": "data-strategy-team"
              },
              {
                "description": "",
                "id": 8145893,
                "members": [],
                "name": "interop-admin",
                "node_id": "T_kwDOA3EUH84AfEvl",
                "parent": {
                  "id": "",
                  "name": "",
                  "slug": ""
                },
                "parent_team_id": "",
                "parent_team_slug": "",
                "privacy": "VISIBLE",
                "repositories": [],
                "slug": "interop-admin"
              },
              {
                "description": "",
                "id": 8145894,
                "members": [],
                "name": "interop-fe-triage",
                "node_id": "T_kwDOA3EUH84AfEvm",
                "parent": {
                  "id": "",
                  "name": "",
                  "slug": ""
                },
                "parent_team_id": "",
                "parent_team_slug": "",
                "privacy": "VISIBLE",
                "repositories": [],
                "slug": "interop-fe-triage"
              },
              {
                "description": "",
                "id": 8145895,
                "members": [],
                "name": "interop-fe-contributors",
                "node_id": "T_kwDOA3EUH84AfEvn",
                "parent": {
                  "id": "",
                  "name": "",
                  "slug": ""
                },
                "parent_team_id": "",
                "parent_team_slug": "",
                "privacy": "VISIBLE",
                "repositories": [],
                "slug": "interop-fe-contributors"
              },
              {
                "description": "",
                "id": 8145896,
                "members": [],
                "name": "interop-fe-admin",
                "node_id": "T_kwDOA3EUH84AfEvo",
                "parent": {
                  "id": "",
                  "name": "",
                  "slug": ""
                },
                "parent_team_id": "",
                "parent_team_slug": "",
                "privacy": "VISIBLE",
                "repositories": [],
                "slug": "interop-fe-admin"
              },
              {
                "description": "",
                "id": 8145897,
                "members": [],
                "name": "interop-be-contributors",
                "node_id": "T_kwDOA3EUH84AfEvp",
                "parent": {
                  "id": "",
                  "name": "",
                  "slug": ""
                },
                "parent_team_id": "",
                "parent_team_slug": "",
                "privacy": "VISIBLE",
                "repositories": [],
                "slug": "interop-be-contributors"
              },
              {
                "description": "",
                "id": 8166754,
                "members": [],
                "name": "pdnd-datalake-ds",
                "node_id": "T_kwDOA3EUH84AfJ1i",
                "parent": {
                  "id": "",
                  "name": "",
                  "slug": ""
                },
                "parent_team_id": "",
                "parent_team_slug": "",
                "privacy": "VISIBLE",
                "repositories": [],
                "slug": "pdnd-datalake-ds"
              },
              {
                "description": "",
                "id": 8183483,
                "members": [],
                "name": "idpay-app-team",
                "node_id": "T_kwDOA3EUH84AfN67",
                "parent": {
                  "id": "",
                  "name": "",
                  "slug": ""
                },
                "parent_team_id": "",
                "parent_team_slug": "",
                "privacy": "VISIBLE",
                "repositories": [],
                "slug": "idpay-app-team"
              },
              {
                "description": "",
                "id": 8235142,
                "members": [],
                "name": "org-site-power-users",
                "node_id": "T_kwDOA3EUH84AfaiG",
                "parent": {
                  "id": "",
                  "name": "",
                  "slug": ""
                },
                "parent_team_id": "",
                "parent_team_slug": "",
                "privacy": "VISIBLE",
                "repositories": [],
                "slug": "org-site-power-users"
              },
              {
                "description": "",
                "id": 8235143,
                "members": [],
                "name": "org-site-editors",
                "node_id": "T_kwDOA3EUH84AfaiH",
                "parent": {
                  "id": "",
                  "name": "",
                  "slug": ""
                },
                "parent_team_id": "",
                "parent_team_slug": "",
                "privacy": "VISIBLE",
                "repositories": [],
                "slug": "org-site-editors"
              },
              {
                "description": "",
                "id": 8240404,
                "members": [],
                "name": "operations",
                "node_id": "T_kwDOA3EUH84Afb0U",
                "parent": {
                  "id": "",
                  "name": "",
                  "slug": ""
                },
                "parent_team_id": "",
                "parent_team_slug": "",
                "privacy": "VISIBLE",
                "repositories": [],
                "slug": "operations"
              },
              {
                "description": "",
                "id": 8532463,
                "members": [],
                "name": "pagopa-team-product-design",
                "node_id": "T_kwDOA3EUH84AgjHv",
                "parent": {
                  "id": "",
                  "name": "",
                  "slug": ""
                },
                "parent_team_id": "",
                "parent_team_slug": "",
                "privacy": "VISIBLE",
                "repositories": [],
                "slug": "pagopa-team-product-design"
              },
              {
                "description": "",
                "id": 8546245,
                "members": [],
                "name": "b2bportals-admin",
                "node_id": "T_kwDOA3EUH84AgmfF",
                "parent": {
                  "id": "",
                  "name": "",
                  "slug": ""
                },
                "parent_team_id": "",
                "parent_team_slug": "",
                "privacy": "VISIBLE",
                "repositories": [],
                "slug": "b2bportals-admin"
              },
              {
                "description": "",
                "id": 8599780,
                "members": [],
                "name": "payments-cloud-admin",
                "node_id": "T_kwDOA3EUH84Agzjk",
                "parent": {
                  "id": "",
                  "name": "",
                  "slug": ""
                },
                "parent_team_id": "",
                "parent_team_slug": "",
                "privacy": "VISIBLE",
                "repositories": [],
                "slug": "payments-cloud-admin"
              },
              {
                "description": "",
                "id": 8599781,
                "members": [],
                "name": "payments-cloud-contributor",
                "node_id": "T_kwDOA3EUH84Agzjl",
                "parent": {
                  "id": "",
                  "name": "",
                  "slug": ""
                },
                "parent_team_id": "",
                "parent_team_slug": "",
                "privacy": "VISIBLE",
                "repositories": [],
                "slug": "payments-cloud-contributor"
              },
              {
                "description": "",
                "id": 8772775,
                "members": [],
                "name": "io-sign-contributors",
                "node_id": "T_kwDOA3EUH84Ahdyn",
                "parent": {
                  "id": "",
                  "name": "",
                  "slug": ""
                },
                "parent_team_id": "",
                "parent_team_slug": "",
                "privacy": "VISIBLE",
                "repositories": [],
                "slug": "io-sign-contributors"
              },
              {
                "description": "",
                "id": 8809102,
                "members": [],
                "name": "portalefatturazione-admin",
                "node_id": "T_kwDOA3EUH84AhmqO",
                "parent": {
                  "id": "",
                  "name": "",
                  "slug": ""
                },
                "parent_team_id": "",
                "parent_team_slug": "",
                "privacy": "VISIBLE",
                "repositories": [],
                "slug": "portalefatturazione-admin"
              },
              {
                "description": "",
                "id": 8968393,
                "members": [],
                "name": "b2bportals-maintain",
                "node_id": "T_kwDOA3EUH84AiNjJ",
                "parent": {
                  "id": "",
                  "name": "",
                  "slug": ""
                },
                "parent_team_id": "",
                "parent_team_slug": "",
                "privacy": "VISIBLE",
                "repositories": [],
                "slug": "b2bportals-maintain"
              },
              {
                "description": "",
                "id": 9031098,
                "members": [],
                "name": "engineering-team-techradar",
                "node_id": "T_kwDOA3EUH84Aic26",
                "parent": {
                  "id": "",
                  "name": "",
                  "slug": ""
                },
                "parent_team_id": "",
                "parent_team_slug": "",
                "privacy": "VISIBLE",
                "repositories": [],
                "slug": "engineering-team-techradar"
              },
              {
                "description": "",
                "id": 9031099,
                "members": [],
                "name": "engineering-team-em",
                "node_id": "T_kwDOA3EUH84Aic27",
                "parent": {
                  "id": "",
                  "name": "",
                  "slug": ""
                },
                "parent_team_id": "",
                "parent_team_slug": "",
                "privacy": "VISIBLE",
                "repositories": [],
                "slug": "engineering-team-em"
              },
              {
                "description": "",
                "id": 9041538,
                "members": [],
                "name": "io-platform-admins",
                "node_id": "T_kwDOA3EUH84AifaC",
                "parent": {
                  "id": "",
                  "name": "",
                  "slug": ""
                },
                "parent_team_id": "",
                "parent_team_slug": "",
                "privacy": "VISIBLE",
                "repositories": [],
                "slug": "io-platform-admins"
              },
              {
                "description": "",
                "id": 9051966,
                "members": [],
                "name": "tae-app-team",
                "node_id": "T_kwDOA3EUH84Aih8-",
                "parent": {
                  "id": "",
                  "name": "",
                  "slug": ""
                },
                "parent_team_id": "",
                "parent_team_slug": "",
                "privacy": "VISIBLE",
                "repositories": [],
                "slug": "tae-app-team"
              },
              {
                "description": "",
                "id": 9051967,
                "members": [],
                "name": "rtd-app-maintainer-team",
                "node_id": "T_kwDOA3EUH84Aih8_",
                "parent": {
                  "id": "",
                  "name": "",
                  "slug": ""
                },
                "parent_team_id": "",
                "parent_team_slug": "",
                "privacy": "VISIBLE",
                "repositories": [],
                "slug": "rtd-app-maintainer-team"
              },
              {
                "description": "",
                "id": 9051968,
                "members": [],
                "name": "rtd-app-team",
                "node_id": "T_kwDOA3EUH84Aih9A",
                "parent": {
                  "id": "",
                  "name": "",
                  "slug": ""
                },
                "parent_team_id": "",
                "parent_team_slug": "",
                "privacy": "VISIBLE",
                "repositories": [],
                "slug": "rtd-app-team"
              },
              {
                "description": "",
                "id": 9051969,
                "members": [],
                "name": "tae-app-admin-team",
                "node_id": "T_kwDOA3EUH84Aih9B",
                "parent": {
                  "id": "",
                  "name": "",
                  "slug": ""
                },
                "parent_team_id": "",
                "parent_team_slug": "",
                "privacy": "VISIBLE",
                "repositories": [],
                "slug": "tae-app-admin-team"
              },
              {
                "description": "",
                "id": 9051970,
                "members": [],
                "name": "bs-app-admin-team",
                "node_id": "T_kwDOA3EUH84Aih9C",
                "parent": {
                  "id": "",
                  "name": "",
                  "slug": ""
                },
                "parent_team_id": "",
                "parent_team_slug": "",
                "privacy": "VISIBLE",
                "repositories": [],
                "slug": "bs-app-admin-team"
              },
              {
                "description": "",
                "id": 9051971,
                "members": [],
                "name": "bs-app-team",
                "node_id": "T_kwDOA3EUH84Aih9D",
                "parent": {
                  "id": "",
                  "name": "",
                  "slug": ""
                },
                "parent_team_id": "",
                "parent_team_slug": "",
                "privacy": "VISIBLE",
                "repositories": [],
                "slug": "bs-app-team"
              },
              {
                "description": "",
                "id": 9051972,
                "members": [],
                "name": "tae-app-maintainer-team",
                "node_id": "T_kwDOA3EUH84Aih9E",
                "parent": {
                  "id": "",
                  "name": "",
                  "slug": ""
                },
                "parent_team_id": "",
                "parent_team_slug": "",
                "privacy": "VISIBLE",
                "repositories": [],
                "slug": "tae-app-maintainer-team"
              },
              {
                "description": "",
                "id": 9051974,
                "members": [],
                "name": "bs-app-maintainer-team",
                "node_id": "T_kwDOA3EUH84Aih9G",
                "parent": {
                  "id": "",
                  "name": "",
                  "slug": ""
                },
                "parent_team_id": "",
                "parent_team_slug": "",
                "privacy": "VISIBLE",
                "repositories": [],
                "slug": "bs-app-maintainer-team"
              },
              {
                "description": "",
                "id": 9051976,
                "members": [],
                "name": "rtd-app-admin-team",
                "node_id": "T_kwDOA3EUH84Aih9I",
                "parent": {
                  "id": "",
                  "name": "",
                  "slug": ""
                },
                "parent_team_id": "",
                "parent_team_slug": "",
                "privacy": "VISIBLE",
                "repositories": [],
                "slug": "rtd-app-admin-team"
              },
              {
                "description": "",
                "id": 9168387,
                "members": [],
                "name": "pagopa-faq-editors",
                "node_id": "T_kwDOA3EUH84Ai-YD",
                "parent": {
                  "id": "",
                  "name": "",
                  "slug": ""
                },
                "parent_team_id": "",
                "parent_team_slug": "",
                "privacy": "VISIBLE",
                "repositories": [],
                "slug": "pagopa-faq-editors"
              },
              {
                "description": "",
                "id": 9231382,
                "members": [],
                "name": "security-operations",
                "node_id": "T_kwDOA3EUH84AjNwW",
                "parent": {
                  "id": "",
                  "name": "",
                  "slug": ""
                },
                "parent_team_id": "",
                "parent_team_slug": "",
                "privacy": "VISIBLE",
                "repositories": [],
                "slug": "security-operations"
              },
              {
                "description": "",
                "id": 9238365,
                "members": [],
                "name": "pagopa-team-contributor",
                "node_id": "T_kwDOA3EUH84AjPdd",
                "parent": {
                  "id": "",
                  "name": "",
                  "slug": ""
                },
                "parent_team_id": "",
                "parent_team_slug": "",
                "privacy": "VISIBLE",
                "repositories": [],
                "slug": "pagopa-team-contributor"
              },
              {
                "description": "",
                "id": 9247428,
                "members": [],
                "name": "interop-infra-contributors",
                "node_id": "T_kwDOA3EUH84AjRrE",
                "parent": {
                  "id": "",
                  "name": "",
                  "slug": ""
                },
                "parent_team_id": "",
                "parent_team_slug": "",
                "privacy": "VISIBLE",
                "repositories": [],
                "slug": "interop-infra-contributors"
              },
              {
                "description": "",
                "id": 9271107,
                "members": [],
                "name": "devportal-maintain",
                "node_id": "T_kwDOA3EUH84AjXdD",
                "parent": {
                  "id": "",
                  "name": "",
                  "slug": ""
                },
                "parent_team_id": "",
                "parent_team_slug": "",
                "privacy": "VISIBLE",
                "repositories": [],
                "slug": "devportal-maintain"
              },
              {
                "description": "",
                "id": 9393891,
                "members": [],
                "name": "interop-signalhub-contributors",
                "node_id": "T_kwDOA3EUH84Aj1bj",
                "parent": {
                  "id": "",
                  "name": "",
                  "slug": ""
                },
                "parent_team_id": "",
                "parent_team_slug": "",
                "privacy": "VISIBLE",
                "repositories": [],
                "slug": "interop-signalhub-contributors"
              },
              {
                "description": "",
                "id": 9512280,
                "members": [],
                "name": "oneidentity-admins",
                "node_id": "T_kwDOA3EUH84AkSVY",
                "parent": {
                  "id": "",
                  "name": "",
                  "slug": ""
                },
                "parent_team_id": "",
                "parent_team_slug": "",
                "privacy": "VISIBLE",
                "repositories": [],
                "slug": "oneidentity-admins"
              },
              {
                "description": "",
                "id": 9521463,
                "members": [],
                "name": "io-communication-admins",
                "node_id": "T_kwDOA3EUH84AkUk3",
                "parent": {
                  "id": "",
                  "name": "",
                  "slug": ""
                },
                "parent_team_id": "",
                "parent_team_slug": "",
                "privacy": "VISIBLE",
                "repositories": [],
                "slug": "io-communication-admins"
              },
              {
                "description": "",
                "id": 9521464,
                "members": [],
                "name": "io-communication-backend",
                "node_id": "T_kwDOA3EUH84AkUk4",
                "parent": {
                  "id": "",
                  "name": "",
                  "slug": ""
                },
                "parent_team_id": "",
                "parent_team_slug": "",
                "privacy": "VISIBLE",
                "repositories": [],
                "slug": "io-communication-backend"
              },
              {
                "description": "",
                "id": 9522969,
                "members": [],
                "name": "p4pa-admins",
                "node_id": "T_kwDOA3EUH84AkU8Z",
                "parent": {
                  "id": "",
                  "name": "",
                  "slug": ""
                },
                "parent_team_id": "",
                "parent_team_slug": "",
                "privacy": "VISIBLE",
                "repositories": [],
                "slug": "p4pa-admins"
              },
              {
                "description": "",
                "id": 9533996,
                "members": [],
                "name": "b2bportals-write",
                "node_id": "T_kwDOA3EUH84AkXos",
                "parent": {
                  "id": "",
                  "name": "",
                  "slug": ""
                },
                "parent_team_id": "",
                "parent_team_slug": "",
                "privacy": "VISIBLE",
                "repositories": [],
                "slug": "b2bportals-write"
              },
              {
                "description": "",
                "id": 9549171,
                "members": [],
                "name": "security-grc",
                "node_id": "T_kwDOA3EUH84AkbVz",
                "parent": {
                  "id": "",
                  "name": "",
                  "slug": ""
                },
                "parent_team_id": "",
                "parent_team_slug": "",
                "privacy": "VISIBLE",
                "repositories": [],
                "slug": "security-grc"
              },
              {
                "description": "",
                "id": 9588424,
                "members": [],
                "name": "engineering-team-devex",
                "node_id": "T_kwDOA3EUH84Akk7I",
                "parent": {
                  "id": "",
                  "name": "",
                  "slug": ""
                },
                "parent_team_id": "",
                "parent_team_slug": "",
                "privacy": "VISIBLE",
                "repositories": [],
                "slug": "engineering-team-devex"
              },
              {
                "description": "",
                "id": 9621348,
                "members": [],
                "name": "prodsec-dev",
                "node_id": "T_kwDOA3EUH84Aks9k",
                "parent": {
                  "id": "",
                  "name": "",
                  "slug": ""
                },
                "parent_team_id": "",
                "parent_team_slug": "",
                "privacy": "VISIBLE",
                "repositories": [],
                "slug": "prodsec-dev"
              },
              {
                "description": "",
                "id": 9621349,
                "members": [],
                "name": "prodsec",
                "node_id": "T_kwDOA3EUH84Aks9l",
                "parent": {
                  "id": "",
                  "name": "",
                  "slug": ""
                },
                "parent_team_id": "",
                "parent_team_slug": "",
                "privacy": "VISIBLE",
                "repositories": [],
                "slug": "prodsec"
              },
              {
                "description": "",
                "id": 9690766,
                "members": [],
                "name": "chaos-testing-guild-team",
                "node_id": "T_kwDOA3EUH84Ak96O",
                "parent": {
                  "id": "",
                  "name": "",
                  "slug": ""
                },
                "parent_team_id": "",
                "parent_team_slug": "",
                "privacy": "VISIBLE",
                "repositories": [],
                "slug": "chaos-testing-guild-team"
              },
              {
                "description": "",
                "id": 9942865,
                "members": [],
                "name": "io-auth-n-identity-frontend",
                "node_id": "T_kwDOA3EUH84Al7dR",
                "parent": {
                  "id": "",
                  "name": "",
                  "slug": ""
                },
                "parent_team_id": "",
                "parent_team_slug": "",
                "privacy": "VISIBLE",
                "repositories": [],
                "slug": "io-auth-n-identity-frontend"
              },
              {
                "description": "",
                "id": 9942866,
                "members": [],
                "name": "io-auth-n-identity-backend",
                "node_id": "T_kwDOA3EUH84Al7dS",
                "parent": {
                  "id": "",
                  "name": "",
                  "slug": ""
                },
                "parent_team_id": "",
                "parent_team_slug": "",
                "privacy": "VISIBLE",
                "repositories": [],
                "slug": "io-auth-n-identity-backend"
              },
              {
                "description": "",
                "id": 9942893,
                "members": [],
                "name": "engineering-team-cloud-eng",
                "node_id": "T_kwDOA3EUH84Al7dt",
                "parent": {
                  "id": "",
                  "name": "",
                  "slug": ""
                },
                "parent_team_id": "",
                "parent_team_slug": "",
                "privacy": "VISIBLE",
                "repositories": [],
                "slug": "engineering-team-cloud-eng"
              },
              {
                "description": "",
                "id": 10132087,
                "members": [],
                "name": "engineering-cloud-contributors",
                "node_id": "T_kwDOA3EUH84Ampp3",
                "parent": {
                  "id": "",
                  "name": "",
                  "slug": ""
                },
                "parent_team_id": "",
                "parent_team_slug": "",
                "privacy": "VISIBLE",
                "repositories": [],
                "slug": "engineering-cloud-contributors"
              },
              {
                "description": "",
                "id": 10209562,
                "members": [],
                "name": "devportaldocs-maintain",
                "node_id": "T_kwDOA3EUH84Am8ka",
                "parent": {
                  "id": "",
                  "name": "",
                  "slug": ""
                },
                "parent_team_id": "",
                "parent_team_slug": "",
                "privacy": "VISIBLE",
                "repositories": [],
                "slug": "devportaldocs-maintain"
              },
              {
                "description": "",
                "id": 10319766,
                "members": [],
                "name": "ospo",
                "node_id": "T_kwDOA3EUH84AnXeW",
                "parent": {
                  "id": "",
                  "name": "",
                  "slug": ""
                },
                "parent_team_id": "",
                "parent_team_slug": "",
                "privacy": "VISIBLE",
                "repositories": [],
                "slug": "ospo"
              },
              {
                "description": "",
                "id": 10327968,
                "members": [],
                "name": "design-ui-team",
                "node_id": "T_kwDOA3EUH84AnZeg",
                "parent": {
                  "id": "",
                  "name": "",
                  "slug": ""
                },
                "parent_team_id": "",
                "parent_team_slug": "",
                "privacy": "VISIBLE",
                "repositories": [],
                "slug": "design-ui-team"
              },
              {
                "description": "",
                "id": 10551117,
                "members": [],
                "name": "arc-fe",
                "node_id": "T_kwDOA3EUH84AoP9N",
                "parent": {
                  "id": "",
                  "name": "",
                  "slug": ""
                },
                "parent_team_id": "",
                "parent_team_slug": "",
                "privacy": "VISIBLE",
                "repositories": [],
                "slug": "arc-fe"
              },
              {
                "description": "",
                "id": 10852540,
                "members": [],
                "name": "p4pa-pm",
                "node_id": "T_kwDOA3EUH84ApZi8",
                "parent": {
                  "id": "",
                  "name": "",
                  "slug": ""
                },
                "parent_team_id": "",
                "parent_team_slug": "",
                "privacy": "VISIBLE",
                "repositories": [],
                "slug": "p4pa-pm"
              },
              {
                "description": "",
                "id": 10879629,
                "members": [],
                "name": "swc-emd-team-admin",
                "node_id": "T_kwDOA3EUH84ApgKN",
                "parent": {
                  "id": "",
                  "name": "",
                  "slug": ""
                },
                "parent_team_id": "",
                "parent_team_slug": "",
                "privacy": "VISIBLE",
                "repositories": [],
                "slug": "swc-emd-team-admin"
              },
              {
                "description": "",
                "id": 10879630,
                "members": [],
                "name": "swc-emd-team",
                "node_id": "T_kwDOA3EUH84ApgKO",
                "parent": {
                  "id": "",
                  "name": "",
                  "slug": ""
                },
                "parent_team_id": "",
                "parent_team_slug": "",
                "privacy": "VISIBLE",
                "repositories": [],
                "slug": "swc-emd-team"
              },
              {
                "description": "",
                "id": 10879631,
                "members": [],
                "name": "swc-pos-team-admin",
                "node_id": "T_kwDOA3EUH84ApgKP",
                "parent": {
                  "id": "",
                  "name": "",
                  "slug": ""
                },
                "parent_team_id": "",
                "parent_team_slug": "",
                "privacy": "VISIBLE",
                "repositories": [],
                "slug": "swc-pos-team-admin"
              },
              {
                "description": "",
                "id": 10879633,
                "members": [],
                "name": "swc-atm-team-admin",
                "node_id": "T_kwDOA3EUH84ApgKR",
                "parent": {
                  "id": "",
                  "name": "",
                  "slug": ""
                },
                "parent_team_id": "",
                "parent_team_slug": "",
                "privacy": "VISIBLE",
                "repositories": [],
                "slug": "swc-atm-team-admin"
              },
              {
                "description": "",
                "id": 10879635,
                "members": [],
                "name": "swc-atm-team",
                "node_id": "T_kwDOA3EUH84ApgKT",
                "parent": {
                  "id": "",
                  "name": "",
                  "slug": ""
                },
                "parent_team_id": "",
                "parent_team_slug": "",
                "privacy": "VISIBLE",
                "repositories": [],
                "slug": "swc-atm-team"
              },
              {
                "description": "",
                "id": 10879636,
                "members": [],
                "name": "swc-mil-team-admin",
                "node_id": "T_kwDOA3EUH84ApgKU",
                "parent": {
                  "id": "",
                  "name": "",
                  "slug": ""
                },
                "parent_team_id": "",
                "parent_team_slug": "",
                "privacy": "VISIBLE",
                "repositories": [],
                "slug": "swc-mil-team-admin"
              },
              {
                "description": "",
                "id": 10891664,
                "members": [],
                "name": "interop-tracing-contributors",
                "node_id": "T_kwDOA3EUH84ApjGQ",
                "parent": {
                  "id": "",
                  "name": "",
                  "slug": ""
                },
                "parent_team_id": "",
                "parent_team_slug": "",
                "privacy": "VISIBLE",
                "repositories": [],
                "slug": "interop-tracing-contributors"
              },
              {
                "description": "",
                "id": 10891666,
                "members": [],
                "name": "interop-att-contributors",
                "node_id": "T_kwDOA3EUH84ApjGS",
                "parent": {
                  "id": "",
                  "name": "",
                  "slug": ""
                },
                "parent_team_id": "",
                "parent_team_slug": "",
                "privacy": "VISIBLE",
                "repositories": [],
                "slug": "interop-att-contributors"
              },
              {
                "description": "",
                "id": 10891667,
                "members": [],
                "name": "interop-probing-contributors",
                "node_id": "T_kwDOA3EUH84ApjGT",
                "parent": {
                  "id": "",
                  "name": "",
                  "slug": ""
                },
                "parent_team_id": "",
                "parent_team_slug": "",
                "privacy": "VISIBLE",
                "repositories": [],
                "slug": "interop-probing-contributors"
              },
              {
                "description": "",
                "id": 10908885,
                "members": [],
                "name": "arc-admins",
                "node_id": "T_kwDOA3EUH84ApnTV",
                "parent": {
                  "id": "",
                  "name": "",
                  "slug": ""
                },
                "parent_team_id": "",
                "parent_team_slug": "",
                "privacy": "VISIBLE",
                "repositories": [],
                "slug": "arc-admins"
              },
              {
                "description": "",
                "id": 10939316,
                "members": [],
                "name": "io-cgn-admins",
                "node_id": "T_kwDOA3EUH84Apuu0",
                "parent": {
                  "id": "",
                  "name": "",
                  "slug": ""
                },
                "parent_team_id": "",
                "parent_team_slug": "",
                "privacy": "VISIBLE",
                "repositories": [],
                "slug": "io-cgn-admins"
              },
              {
                "description": "",
                "id": 10939317,
                "members": [],
                "name": "io-cgn-contributors",
                "node_id": "T_kwDOA3EUH84Apuu1",
                "parent": {
                  "id": "",
                  "name": "",
                  "slug": ""
                },
                "parent_team_id": "",
                "parent_team_slug": "",
                "privacy": "VISIBLE",
                "repositories": [],
                "slug": "io-cgn-contributors"
              },
              {
                "description": "",
                "id": 10982118,
                "members": [],
                "name": "io-communication-mobile",
                "node_id": "T_kwDOA3EUH84Ap5Lm",
                "parent": {
                  "id": "",
                  "name": "",
                  "slug": ""
                },
                "parent_team_id": "",
                "parent_team_slug": "",
                "privacy": "VISIBLE",
                "repositories": [],
                "slug": "io-communication-mobile"
              },
              {
                "description": "",
                "id": 11011258,
                "members": [],
                "name": "pagopa-team-qa",
                "node_id": "T_kwDOA3EUH84AqAS6",
                "parent": {
                  "id": "",
                  "name": "",
                  "slug": ""
                },
                "parent_team_id": "",
                "parent_team_slug": "",
                "privacy": "VISIBLE",
                "repositories": [],
                "slug": "pagopa-team-qa"
              },
              {
                "description": "",
                "id": 11068967,
                "members": [],
                "name": "interop-signalhub-maintainers",
                "node_id": "T_kwDOA3EUH84AqOYn",
                "parent": {
                  "id": "",
                  "name": "",
                  "slug": ""
                },
                "parent_team_id": "",
                "parent_team_slug": "",
                "privacy": "VISIBLE",
                "repositories": [],
                "slug": "interop-signalhub-maintainers"
              },
              {
                "description": "",
                "id": 11158480,
                "members": [],
                "name": "rtp-team-admin",
                "node_id": "T_kwDOA3EUH84AqkPQ",
                "parent": {
                  "id": "",
                  "name": "",
                  "slug": ""
                },
                "parent_team_id": "",
                "parent_team_slug": "",
                "privacy": "VISIBLE",
                "repositories": [],
                "slug": "rtp-team-admin"
              },
              {
                "description": "",
                "id": 11158482,
                "members": [],
                "name": "rtp-team",
                "node_id": "T_kwDOA3EUH84AqkPS",
                "parent": {
                  "id": "",
                  "name": "",
                  "slug": ""
                },
                "parent_team_id": "",
                "parent_team_slug": "",
                "privacy": "VISIBLE",
                "repositories": [],
                "slug": "rtp-team"
              },
              {
                "description": "",
                "id": 11167333,
                "members": [],
                "name": "interop-tracing-maintainers",
                "node_id": "T_kwDOA3EUH84AqmZl",
                "parent": {
                  "id": "",
                  "name": "",
                  "slug": ""
                },
                "parent_team_id": "",
                "parent_team_slug": "",
                "privacy": "VISIBLE",
                "repositories": [],
                "slug": "interop-tracing-maintainers"
              },
              {
                "description": "",
                "id": 11169308,
                "members": [],
                "name": "ict-itops-admin",
                "node_id": "T_kwDOA3EUH84Aqm4c",
                "parent": {
                  "id": "",
                  "name": "",
                  "slug": ""
                },
                "parent_team_id": "",
                "parent_team_slug": "",
                "privacy": "VISIBLE",
                "repositories": [],
                "slug": "ict-itops-admin"
              },
              {
                "description": "",
                "id": 11169309,
                "members": [],
                "name": "ict-admin",
                "node_id": "T_kwDOA3EUH84Aqm4d",
                "parent": {
                  "id": "",
                  "name": "",
                  "slug": ""
                },
                "parent_team_id": "",
                "parent_team_slug": "",
                "privacy": "VISIBLE",
                "repositories": [],
                "slug": "ict-admin"
              },
              {
                "description": "",
                "id": 11169310,
                "members": [],
                "name": "ict-itops-contributors",
                "node_id": "T_kwDOA3EUH84Aqm4e",
                "parent": {
                  "id": "",
                  "name": "",
                  "slug": ""
                },
                "parent_team_id": "",
                "parent_team_slug": "",
                "privacy": "VISIBLE",
                "repositories": [],
                "slug": "ict-itops-contributors"
              },
              {
                "description": "",
                "id": 11222232,
                "members": [],
                "name": "crm-admin",
                "node_id": "T_kwDOA3EUH84AqzzY",
                "parent": {
                  "id": "",
                  "name": "",
                  "slug": ""
                },
                "parent_team_id": "",
                "parent_team_slug": "",
                "privacy": "VISIBLE",
                "repositories": [],
                "slug": "crm-admin"
              },
              {
                "description": "",
                "id": 11299692,
                "members": [],
                "name": "ict-kmind-admin",
                "node_id": "T_kwDOA3EUH84ArGts",
                "parent": {
                  "id": "",
                  "name": "",
                  "slug": ""
                },
                "parent_team_id": "",
                "parent_team_slug": "",
                "privacy": "VISIBLE",
                "repositories": [],
                "slug": "ict-kmind-admin"
              },
              {
                "description": "",
                "id": 11299735,
                "members": [],
                "name": "ict-infra-admin",
                "node_id": "T_kwDOA3EUH84ArGuX",
                "parent": {
                  "id": "",
                  "name": "",
                  "slug": ""
                },
                "parent_team_id": "",
                "parent_team_slug": "",
                "privacy": "VISIBLE",
                "repositories": [],
                "slug": "ict-infra-admin"
              },
              {
                "description": "",
                "id": 11361168,
                "members": [],
                "name": "swc-aks-team-admin",
                "node_id": "T_kwDOA3EUH84ArVuQ",
                "parent": {
                  "id": "",
                  "name": "",
                  "slug": ""
                },
                "parent_team_id": "",
                "parent_team_slug": "",
                "privacy": "VISIBLE",
                "repositories": [],
                "slug": "swc-aks-team-admin"
              },
              {
                "description": "",
                "id": 11361169,
                "members": [],
                "name": "swc-aks-team",
                "node_id": "T_kwDOA3EUH84ArVuR",
                "parent": {
                  "id": "",
                  "name": "",
                  "slug": ""
                },
                "parent_team_id": "",
                "parent_team_slug": "",
                "privacy": "VISIBLE",
                "repositories": [],
                "slug": "swc-aks-team"
              },
              {
                "description": "",
                "id": 11532011,
                "members": [],
                "name": "interop-outbound-models-maintainers",
                "node_id": "T_kwDOA3EUH84Ar_br",
                "parent": {
                  "id": "",
                  "name": "",
                  "slug": ""
                },
                "parent_team_id": "",
                "parent_team_slug": "",
                "privacy": "VISIBLE",
                "repositories": [],
                "slug": "interop-outbound-models-maintainers"
              },
              {
                "description": "",
                "id": 11570981,
                "members": [],
                "name": "assistance-dashboard",
                "node_id": "T_kwDOA3EUH84AsI8l",
                "parent": {
                  "id": "",
                  "name": "",
                  "slug": ""
                },
                "parent_team_id": "",
                "parent_team_slug": "",
                "privacy": "VISIBLE",
                "repositories": [],
                "slug": "assistance-dashboard"
              },
              {
                "description": "",
                "id": 11570982,
                "members": [],
                "name": "assistance-help-center",
                "node_id": "T_kwDOA3EUH84AsI8m",
                "parent": {
                  "id": "",
                  "name": "",
                  "slug": ""
                },
                "parent_team_id": "",
                "parent_team_slug": "",
                "privacy": "VISIBLE",
                "repositories": [],
                "slug": "assistance-help-center"
              },
              {
                "description": "",
                "id": 11570983,
                "members": [],
                "name": "assistance-dashboard-contributors",
                "node_id": "T_kwDOA3EUH84AsI8n",
                "parent": {
                  "id": "",
                  "name": "",
                  "slug": ""
                },
                "parent_team_id": "",
                "parent_team_slug": "",
                "privacy": "VISIBLE",
                "repositories": [],
                "slug": "assistance-dashboard-contributors"
              },
              {
                "description": "",
                "id": 11570985,
                "members": [],
                "name": "assistance-help-center-contributors",
                "node_id": "T_kwDOA3EUH84AsI8p",
                "parent": {
                  "id": "",
                  "name": "",
                  "slug": ""
                },
                "parent_team_id": "",
                "parent_team_slug": "",
                "privacy": "VISIBLE",
                "repositories": [],
                "slug": "assistance-help-center-contributors"
              },
              {
                "description": "",
                "id": 11587042,
                "members": [],
                "name": "p4pa-admin-fe",
                "node_id": "T_kwDOA3EUH84AsM3i",
                "parent": {
                  "id": "",
                  "name": "",
                  "slug": ""
                },
                "parent_team_id": "",
                "parent_team_slug": "",
                "privacy": "VISIBLE",
                "repositories": [],
                "slug": "p4pa-admin-fe"
              },
              {
                "description": "",
                "id": 11711545,
                "members": [],
                "name": "pagopa-team-core-aca",
                "node_id": "T_kwDOA3EUH84AsrQ5",
                "parent": {
                  "id": "",
                  "name": "",
                  "slug": ""
                },
                "parent_team_id": "",
                "parent_team_slug": "",
                "privacy": "VISIBLE",
                "repositories": [],
                "slug": "pagopa-team-core-aca"
              },
              {
                "description": "",
                "id": 11711548,
                "members": [],
                "name": "pagopa-team-core-payopt",
                "node_id": "T_kwDOA3EUH84AsrQ8",
                "parent": {
                  "id": "",
                  "name": "",
                  "slug": ""
                },
                "parent_team_id": "",
                "parent_team_slug": "",
                "privacy": "VISIBLE",
                "repositories": [],
                "slug": "pagopa-team-core-payopt"
              },
              {
                "description": "",
                "id": 11711551,
                "members": [],
                "name": "pagopa-team-core-receipts",
                "node_id": "T_kwDOA3EUH84AsrQ_",
                "parent": {
                  "id": "",
                  "name": "",
                  "slug": ""
                },
                "parent_team_id": "",
                "parent_team_slug": "",
                "privacy": "VISIBLE",
                "repositories": [],
                "slug": "pagopa-team-core-receipts"
              },
              {
                "description": "",
                "id": 11711554,
                "members": [],
                "name": "pagopa-team-core-printit",
                "node_id": "T_kwDOA3EUH84AsrRC",
                "parent": {
                  "id": "",
                  "name": "",
                  "slug": ""
                },
                "parent_team_id": "",
                "parent_team_slug": "",
                "privacy": "VISIBLE",
                "repositories": [],
                "slug": "pagopa-team-core-printit"
              },
              {
                "description": "",
                "id": 11711556,
                "members": [],
                "name": "pagopa-team-core-ebollo",
                "node_id": "T_kwDOA3EUH84AsrRE",
                "parent": {
                  "id": "",
                  "name": "",
                  "slug": ""
                },
                "parent_team_id": "",
                "parent_team_slug": "",
                "privacy": "VISIBLE",
                "repositories": [],
                "slug": "pagopa-team-core-ebollo"
              },
              {
                "description": "",
                "id": 11711558,
                "members": [],
                "name": "pagopa-team-core-mock",
                "node_id": "T_kwDOA3EUH84AsrRG",
                "parent": {
                  "id": "",
                  "name": "",
                  "slug": ""
                },
                "parent_team_id": "",
                "parent_team_slug": "",
                "privacy": "VISIBLE",
                "repositories": [],
                "slug": "pagopa-team-core-mock"
              },
              {
                "description": "",
                "id": 11711573,
                "members": [],
                "name": "pagopa-team-core-shared",
                "node_id": "T_kwDOA3EUH84AsrRV",
                "parent": {
                  "id": "",
                  "name": "",
                  "slug": ""
                },
                "parent_team_id": "",
                "parent_team_slug": "",
                "privacy": "VISIBLE",
                "repositories": [],
                "slug": "pagopa-team-core-shared"
              },
              {
                "description": "",
                "id": 11711574,
                "members": [],
                "name": "pagopa-team-core-qi",
                "node_id": "T_kwDOA3EUH84AsrRW",
                "parent": {
                  "id": "",
                  "name": "",
                  "slug": ""
                },
                "parent_team_id": "",
                "parent_team_slug": "",
                "privacy": "VISIBLE",
                "repositories": [],
                "slug": "pagopa-team-core-qi"
              },
              {
                "description": "",
                "id": 11711576,
                "members": [],
                "name": "pagopa-team-core-selfcare",
                "node_id": "T_kwDOA3EUH84AsrRY",
                "parent": {
                  "id": "",
                  "name": "",
                  "slug": ""
                },
                "parent_team_id": "",
                "parent_team_slug": "",
                "privacy": "VISIBLE",
                "repositories": [],
                "slug": "pagopa-team-core-selfcare"
              },
              {
                "description": "",
                "id": 11911096,
                "members": [],
                "name": "interop-qa-contributors",
                "node_id": "T_kwDOA3EUH84Atb-4",
                "parent": {
                  "id": "",
                  "name": "",
                  "slug": ""
                },
                "parent_team_id": "",
                "parent_team_slug": "",
                "privacy": "VISIBLE",
                "repositories": [],
                "slug": "interop-qa-contributors"
              },
              {
                "description": "",
                "id": 11912500,
                "members": [],
                "name": "interop-kpi-maintainers",
                "node_id": "T_kwDOA3EUH84AtcU0",
                "parent": {
                  "id": "",
                  "name": "",
                  "slug": ""
                },
                "parent_team_id": "",
                "parent_team_slug": "",
                "privacy": "VISIBLE",
                "repositories": [],
                "slug": "interop-kpi-maintainers"
              },
              {
                "description": "",
                "id": 11912501,
                "members": [],
                "name": "interop-kpi-contributors",
                "node_id": "T_kwDOA3EUH84AtcU1",
                "parent": {
                  "id": "",
                  "name": "",
                  "slug": ""
                },
                "parent_team_id": "",
                "parent_team_slug": "",
                "privacy": "VISIBLE",
                "repositories": [],
                "slug": "interop-kpi-contributors"
              },
              {
                "description": "",
                "id": 11943141,
                "members": [],
                "name": "mc-diags-team-admin",
                "node_id": "T_kwDOA3EUH84Atjzl",
                "parent": {
                  "id": "",
                  "name": "",
                  "slug": ""
                },
                "parent_team_id": "",
                "parent_team_slug": "",
                "privacy": "VISIBLE",
                "repositories": [],
                "slug": "mc-diags-team-admin"
              },
              {
                "description": "",
                "id": 11943142,
                "members": [],
                "name": "mc-diags-team",
                "node_id": "T_kwDOA3EUH84Atjzm",
                "parent": {
                  "id": "",
                  "name": "",
                  "slug": ""
                },
                "parent_team_id": "",
                "parent_team_slug": "",
                "privacy": "VISIBLE",
                "repositories": [],
                "slug": "mc-diags-team"
              },
              {
                "description": "",
                "id": 11980162,
                "members": [],
                "name": "rtp-fe-team-admin",
                "node_id": "T_kwDOA3EUH84Ats2C",
                "parent": {
                  "id": "",
                  "name": "",
                  "slug": ""
                },
                "parent_team_id": "",
                "parent_team_slug": "",
                "privacy": "VISIBLE",
                "repositories": [],
                "slug": "rtp-fe-team-admin"
              },
              {
                "description": "",
                "id": 12034398,
                "members": [],
                "name": "assistance-zendesk-maint",
                "node_id": "T_kwDOA3EUH84At6Fe",
                "parent": {
                  "id": "",
                  "name": "",
                  "slug": ""
                },
                "parent_team_id": "",
                "parent_team_slug": "",
                "privacy": "VISIBLE",
                "repositories": [],
                "slug": "assistance-zendesk-maint"
              },
              {
                "description": "",
                "id": 12118823,
                "members": [],
                "name": "portalefatturazione-release-approvers",
                "node_id": "T_kwDOA3EUH84AuOsn",
                "parent": {
                  "id": "",
                  "name": "",
                  "slug": ""
                },
                "parent_team_id": "",
                "parent_team_slug": "",
                "privacy": "VISIBLE",
                "repositories": [],
                "slug": "portalefatturazione-release-approvers"
              },
              {
                "description": "",
                "id": 12556015,
                "members": [],
                "name": "ict-infra-contributors",
                "node_id": "T_kwDOA3EUH84Av5bv",
                "parent": {
                  "id": "",
                  "name": "",
                  "slug": ""
                },
                "parent_team_id": "",
                "parent_team_slug": "",
                "privacy": "VISIBLE",
                "repositories": [],
                "slug": "ict-infra-contributors"
              },
              {
                "description": "",
                "id": 12682268,
                "members": [],
                "name": "pn-pagopa-infra",
                "node_id": "T_kwDOA3EUH84AwYQc",
                "parent": {
                  "id": "",
                  "name": "",
                  "slug": ""
                },
                "parent_team_id": "",
                "parent_team_slug": "",
                "privacy": "VISIBLE",
                "repositories": [],
                "slug": "pn-pagopa-infra"
              },
              {
                "description": "",
                "id": 12752038,
                "members": [],
                "name": "selfcare-dashboard-external-contributors-be",
                "node_id": "T_kwDOA3EUH84AwpSm",
                "parent": {
                  "id": "",
                  "name": "",
                  "slug": ""
                },
                "parent_team_id": "",
                "parent_team_slug": "",
                "privacy": "VISIBLE",
                "repositories": [],
                "slug": "selfcare-dashboard-external-contributors-be"
              },
              {
                "description": "",
                "id": 12752039,
                "members": [],
                "name": "selfcare-external-contributors-fe",
                "node_id": "T_kwDOA3EUH84AwpSn",
                "parent": {
                  "id": "",
                  "name": "",
                  "slug": ""
                },
                "parent_team_id": "",
                "parent_team_slug": "",
                "privacy": "VISIBLE",
                "repositories": [],
                "slug": "selfcare-external-contributors-fe"
              },
              {
                "description": "",
                "id": 12752040,
                "members": [],
                "name": "selfcare-onboarding-external-contributors-be",
                "node_id": "T_kwDOA3EUH84AwpSo",
                "parent": {
                  "id": "",
                  "name": "",
                  "slug": ""
                },
                "parent_team_id": "",
                "parent_team_slug": "",
                "privacy": "VISIBLE",
                "repositories": [],
                "slug": "selfcare-onboarding-external-contributors-be"
              },
              {
                "description": "",
                "id": 12788581,
                "members": [],
                "name": "io-bonus-n-payments-admins",
                "node_id": "T_kwDOA3EUH84AwyNl",
                "parent": {
                  "id": "",
                  "name": "",
                  "slug": ""
                },
                "parent_team_id": "",
                "parent_team_slug": "",
                "privacy": "VISIBLE",
                "repositories": [],
                "slug": "io-bonus-n-payments-admins"
              },
              {
                "description": "",
                "id": 12788582,
                "members": [],
                "name": "io-bonus-n-payments-contributors",
                "node_id": "T_kwDOA3EUH84AwyNm",
                "parent": {
                  "id": "",
                  "name": "",
                  "slug": ""
                },
                "parent_team_id": "",
                "parent_team_slug": "",
                "privacy": "VISIBLE",
                "repositories": [],
                "slug": "io-bonus-n-payments-contributors"
              },
              {
                "description": "",
                "id": 12959884,
                "members": [],
                "name": "pagopa-checkout-design-contributors",
                "node_id": "T_kwDOA3EUH84AxcCM",
                "parent": {
                  "id": "",
                  "name": "",
                  "slug": ""
                },
                "parent_team_id": "",
                "parent_team_slug": "",
                "privacy": "VISIBLE",
                "repositories": [],
                "slug": "pagopa-checkout-design-contributors"
              },
              {
                "description": "",
                "id": 13185841,
                "members": [],
                "name": "p4pa-developers",
                "node_id": "T_kwDOA3EUH84AyTMx",
                "parent": {
                  "id": "",
                  "name": "",
                  "slug": ""
                },
                "parent_team_id": "",
                "parent_team_slug": "",
                "privacy": "VISIBLE",
                "repositories": [],
                "slug": "p4pa-developers"
              },
              {
                "description": "",
                "id": 13205158,
                "members": [],
                "name": "idpay-approver-team",
                "node_id": "T_kwDOA3EUH84AyX6m",
                "parent": {
                  "id": "",
                  "name": "",
                  "slug": ""
                },
                "parent_team_id": "",
                "parent_team_slug": "",
                "privacy": "VISIBLE",
                "repositories": [],
                "slug": "idpay-approver-team"
              },
              {
                "description": "",
                "id": 13357353,
                "members": [],
                "name": "plsm-team-admins",
                "node_id": "T_kwDOA3EUH84Ay9Ep",
                "parent": {
                  "id": "",
                  "name": "",
                  "slug": ""
                },
                "parent_team_id": "",
                "parent_team_slug": "",
                "privacy": "VISIBLE",
                "repositories": [],
                "slug": "plsm-team-admins"
              },
              {
                "description": "",
                "id": 13357354,
                "members": [],
                "name": "plsm-team-members",
                "node_id": "T_kwDOA3EUH84Ay9Eq",
                "parent": {
                  "id": "",
                  "name": "",
                  "slug": ""
                },
                "parent_team_id": "",
                "parent_team_slug": "",
                "privacy": "VISIBLE",
                "repositories": [],
                "slug": "plsm-team-members"
              },
              {
                "description": "",
                "id": 13357355,
                "members": [],
                "name": "plsm-team-externals",
                "node_id": "T_kwDOA3EUH84Ay9Er",
                "parent": {
                  "id": "",
                  "name": "",
                  "slug": ""
                },
                "parent_team_id": "",
                "parent_team_slug": "",
                "privacy": "VISIBLE",
                "repositories": [],
                "slug": "plsm-team-externals"
              },
              {
                "description": "",
                "id": 13779102,
                "members": [],
                "name": "io-institutions-n-services",
                "node_id": "T_kwDOA3EUH84A0kCe",
                "parent": {
                  "id": "",
                  "name": "",
                  "slug": ""
                },
                "parent_team_id": "",
                "parent_team_slug": "",
                "privacy": "VISIBLE",
                "repositories": [],
                "slug": "io-institutions-n-services"
              },
              {
                "description": "",
                "id": 13779216,
                "members": [],
                "name": "io-infra-contributors",
                "node_id": "T_kwDOA3EUH84A0kEQ",
                "parent": {
                  "id": "",
                  "name": "",
                  "slug": ""
                },
                "parent_team_id": "",
                "parent_team_slug": "",
                "privacy": "VISIBLE",
                "repositories": [],
                "slug": "io-infra-contributors"
              },
              {
                "description": "",
                "id": 13970679,
                "members": [],
                "name": "pdnd-datalake-ai",
                "node_id": "T_kwDOA3EUH84A1Sz3",
                "parent": {
                  "id": "",
                  "name": "",
                  "slug": ""
                },
                "parent_team_id": "",
                "parent_team_slug": "",
                "privacy": "VISIBLE",
                "repositories": [],
                "slug": "pdnd-datalake-ai"
              },
              {
                "description": "",
                "id": 14162884,
                "members": [],
                "name": "mc-approver-team",
                "node_id": "T_kwDOA3EUH84A2BvE",
                "parent": {
                  "id": "",
                  "name": "",
                  "slug": ""
                },
                "parent_team_id": "",
                "parent_team_slug": "",
                "privacy": "VISIBLE",
                "repositories": [],
                "slug": "mc-approver-team"
              },
              {
                "description": "",
                "id": 14616536,
                "members": [],
                "name": "onemail-admins",
                "node_id": "T_kwDOA3EUH84A3wfY",
                "parent": {
                  "id": "",
                  "name": "",
                  "slug": ""
                },
                "parent_team_id": "",
                "parent_team_slug": "",
                "privacy": "VISIBLE",
                "repositories": [],
                "slug": "onemail-admins"
              },
              {
                "description": "",
                "id": 14928248,
                "members": [],
                "name": "cac-bb-admins",
                "node_id": "T_kwDOA3EUH84A48l4",
                "parent": {
                  "id": "",
                  "name": "",
                  "slug": ""
                },
                "parent_team_id": "",
                "parent_team_slug": "",
                "privacy": "VISIBLE",
                "repositories": [],
                "slug": "cac-bb-admins"
              },
              {
                "description": "",
                "id": 15124303,
                "members": [],
                "name": "interop-core-maintainers",
                "node_id": "T_kwDOA3EUH84A5sdP",
                "parent": {
                  "id": "",
                  "name": "",
                  "slug": ""
                },
                "parent_team_id": "",
                "parent_team_slug": "",
                "privacy": "VISIBLE",
                "repositories": [],
                "slug": "interop-core-maintainers"
              },
              {
                "description": "",
                "id": 15126298,
                "members": [],
                "name": "pdnd-datalake-dtd",
                "node_id": "T_kwDOA3EUH84A5s8a",
                "parent": {
                  "id": "",
                  "name": "",
                  "slug": ""
                },
                "parent_team_id": "",
                "parent_team_slug": "",
                "privacy": "VISIBLE",
                "repositories": [],
                "slug": "pdnd-datalake-dtd"
              },
              {
                "description": "",
                "id": 15240228,
                "members": [],
                "name": "knodia-core-maintainers",
                "node_id": "T_kwDOA3EUH84A6Iwk",
                "parent": {
                  "id": "",
                  "name": "",
                  "slug": ""
                },
                "parent_team_id": "",
                "parent_team_slug": "",
                "privacy": "VISIBLE",
                "repositories": [],
                "slug": "knodia-core-maintainers"
              },
              {
                "description": "",
                "id": 15240230,
                "members": [],
                "name": "knodia-be-contributors",
                "node_id": "T_kwDOA3EUH84A6Iwm",
                "parent": {
                  "id": "",
                  "name": "",
                  "slug": ""
                },
                "parent_team_id": "",
                "parent_team_slug": "",
                "privacy": "VISIBLE",
                "repositories": [],
                "slug": "knodia-be-contributors"
              },
              {
                "description": "",
                "id": 15449501,
                "members": [],
                "name": "dos68k-admin",
                "node_id": "T_kwDOA3EUH84A672d",
                "parent": {
                  "id": "",
                  "name": "",
                  "slug": ""
                },
                "parent_team_id": "",
                "parent_team_slug": "",
                "privacy": "VISIBLE",
                "repositories": [],
                "slug": "dos68k-admin"
              },
              {
                "description": "",
                "id": 15449505,
                "members": [],
                "name": "dos68k-maintain",
                "node_id": "T_kwDOA3EUH84A672h",
                "parent": {
                  "id": "",
                  "name": "",
                  "slug": ""
                },
                "parent_team_id": "",
                "parent_team_slug": "",
                "privacy": "VISIBLE",
                "repositories": [],
                "slug": "dos68k-maintain"
              },
              {
                "description": "",
                "id": 15449506,
                "members": [],
                "name": "dos68k-write",
                "node_id": "T_kwDOA3EUH84A672i",
                "parent": {
                  "id": "",
                  "name": "",
                  "slug": ""
                },
                "parent_team_id": "",
                "parent_team_slug": "",
                "privacy": "VISIBLE",
                "repositories": [],
                "slug": "dos68k-write"
              },
              {
                "description": "",
                "id": 15527087,
                "members": [],
                "name": "interop-att-eservices-maintainers",
                "node_id": "T_kwDOA3EUH84A7Oyv",
                "parent": {
                  "id": "",
                  "name": "",
                  "slug": ""
                },
                "parent_team_id": "",
                "parent_team_slug": "",
                "privacy": "VISIBLE",
                "repositories": [],
                "slug": "interop-att-eservices-maintainers"
              },
              {
                "description": "",
                "id": 15969651,
                "members": [],
                "name": "io-ecosystem-n-links",
                "node_id": "T_kwDOA3EUH84A861z",
                "parent": {
                  "id": "",
                  "name": "",
                  "slug": ""
                },
                "parent_team_id": "",
                "parent_team_slug": "",
                "privacy": "VISIBLE",
                "repositories": [],
                "slug": "io-ecosystem-n-links"
              },
              {
                "description": "",
                "id": 15992874,
                "members": [],
                "name": "pat-admin",
                "node_id": "T_kwDOA3EUH84A9Agq",
                "parent": {
                  "id": "",
                  "name": "",
                  "slug": ""
                },
                "parent_team_id": "",
                "parent_team_slug": "",
                "privacy": "VISIBLE",
                "repositories": [],
                "slug": "pat-admin"
              },
              {
                "description": "",
                "id": 15992876,
                "members": [],
                "name": "pat-team",
                "node_id": "T_kwDOA3EUH84A9Ags",
                "parent": {
                  "id": "",
                  "name": "",
                  "slug": ""
                },
                "parent_team_id": "",
                "parent_team_slug": "",
                "privacy": "VISIBLE",
                "repositories": [],
                "slug": "pat-team"
              },
              {
                "description": "",
                "id": 16009098,
                "members": [],
                "name": "io-foundation-identity-n-access-frontend",
                "node_id": "T_kwDOA3EUH84A9EeK",
                "parent": {
                  "id": "",
                  "name": "",
                  "slug": ""
                },
                "parent_team_id": "",
                "parent_team_slug": "",
                "privacy": "VISIBLE",
                "repositories": [],
                "slug": "io-foundation-identity-n-access-frontend"
              },
              {
                "description": "",
                "id": 16009099,
                "members": [],
                "name": "io-foundation-identity-n-access-backend",
                "node_id": "T_kwDOA3EUH84A9EeL",
                "parent": {
                  "id": "",
                  "name": "",
                  "slug": ""
                },
                "parent_team_id": "",
                "parent_team_slug": "",
                "privacy": "VISIBLE",
                "repositories": [],
                "slug": "io-foundation-identity-n-access-backend"
              }
            ]
          },
          "sensitive_attributes": [],
          "identity_schema_version": 0
        }
      ]
    },
    {
      "module": "module.github_repository",
      "mode": "managed",
      "type": "github_actions_repository_permissions",
      "name": "repo",
      "provider": "provider[\"registry.terraform.io/integrations/github\"]",
      "instances": [
        {
          "schema_version": 0,
          "attributes": {
            "allowed_actions": "all",
            "allowed_actions_config": [],
            "enabled": true,
            "id": "selfcare-monorepo-poc",
            "repository": "selfcare-monorepo-poc"
          },
          "sensitive_attributes": [],
          "identity_schema_version": 0,
          "private": "bnVsbA==",
          "dependencies": [
            "module.github_repository.github_repository.this"
          ]
        }
      ]
    },
    {
      "module": "module.github_repository",
      "mode": "managed",
      "type": "github_branch_default",
      "name": "main",
      "provider": "provider[\"registry.terraform.io/integrations/github\"]",
      "instances": [
        {
          "schema_version": 0,
          "attributes": {
            "branch": "main",
            "etag": "W/\"ea6fd8619fd9db9913c604fa7b6d3f60d4f6f78c008e034300142702ef532767\"",
            "id": "selfcare-monorepo-poc",
            "rename": false,
            "repository": "selfcare-monorepo-poc"
          },
          "sensitive_attributes": [],
          "identity_schema_version": 0,
          "private": "bnVsbA==",
          "dependencies": [
            "module.github_repository.github_repository.this"
          ]
        }
      ]
    },
    {
      "module": "module.github_repository",
      "mode": "managed",
      "type": "github_branch_protection",
      "name": "main",
      "provider": "provider[\"registry.terraform.io/integrations/github\"]",
      "instances": [
        {
          "schema_version": 2,
          "attributes": {
            "allows_deletions": false,
            "allows_force_pushes": false,
            "enforce_admins": true,
            "force_push_bypassers": [],
            "id": "BPR_kwDORIXncs4EUSCr",
            "lock_branch": false,
            "pattern": "main",
            "repository_id": "selfcare-monorepo-poc",
            "require_conversation_resolution": true,
            "require_signed_commits": false,
            "required_linear_history": false,
            "required_pull_request_reviews": [
              {
                "dismiss_stale_reviews": false,
                "dismissal_restrictions": [],
                "pull_request_bypassers": [],
                "require_code_owner_reviews": true,
                "require_last_push_approval": false,
                "required_approving_review_count": 1,
                "restrict_dismissals": true
              }
            ],
            "required_status_checks": [
              {
                "contexts": [],
                "strict": false
              }
            ],
            "restrict_pushes": []
          },
          "sensitive_attributes": [],
          "identity_schema_version": 0,
          "private": "eyJzY2hlbWFfdmVyc2lvbiI6IjIifQ==",
          "dependencies": [
            "module.github_repository.github_branch_default.main",
            "module.github_repository.github_repository.this"
          ]
        }
      ]
    },
    {
      "module": "module.github_repository",
      "mode": "managed",
      "type": "github_repository",
      "name": "this",
      "provider": "provider[\"registry.terraform.io/integrations/github\"]",
      "instances": [
        {
          "schema_version": 1,
          "attributes": {
            "allow_auto_merge": true,
            "allow_forking": true,
            "allow_merge_commit": false,
            "allow_rebase_merge": false,
            "allow_squash_merge": true,
            "allow_update_branch": true,
            "archive_on_destroy": true,
            "archived": false,
            "auto_init": null,
            "default_branch": "main",
            "delete_branch_on_merge": true,
            "description": "PoC for SelfCare Monorepo structure",
            "etag": "W/\"ea6fd8619fd9db9913c604fa7b6d3f60d4f6f78c008e034300142702ef532767\"",
            "fork": "false",
            "full_name": "pagopa/selfcare-monorepo-poc",
            "git_clone_url": "git://github.com/pagopa/selfcare-monorepo-poc.git",
            "gitignore_template": null,
            "has_discussions": false,
            "has_downloads": false,
            "has_issues": false,
            "has_projects": false,
            "has_wiki": false,
            "homepage_url": "",
            "html_url": "https://github.com/pagopa/selfcare-monorepo-poc",
            "http_clone_url": "https://github.com/pagopa/selfcare-monorepo-poc.git",
            "id": "selfcare-monorepo-poc",
            "ignore_vulnerability_alerts_during_read": null,
            "is_template": false,
            "license_template": null,
            "merge_commit_message": "PR_TITLE",
            "merge_commit_title": "MERGE_MESSAGE",
            "name": "selfcare-monorepo-poc",
            "node_id": "R_kgDORIXncg",
            "pages": [],
            "primary_language": "HCL",
            "private": false,
            "repo_id": 1149626226,
            "security_and_analysis": [
              {
                "advanced_security": [],
                "code_security": [],
                "secret_scanning": [
                  {
                    "status": "enabled"
                  }
                ],
                "secret_scanning_ai_detection": [],
                "secret_scanning_non_provider_patterns": [],
                "secret_scanning_push_protection": [
                  {
                    "status": "enabled"
                  }
                ]
              }
            ],
            "source_owner": "",
            "source_repo": "",
            "squash_merge_commit_message": "PR_BODY",
            "squash_merge_commit_title": "PR_TITLE",
            "ssh_clone_url": "git@github.com:pagopa/selfcare-monorepo-poc.git",
            "svn_url": "https://github.com/pagopa/selfcare-monorepo-poc",
            "template": [],
            "topics": [],
            "visibility": "public",
            "vulnerability_alerts": true,
            "web_commit_signoff_required": false
          },
          "sensitive_attributes": [],
          "identity_schema_version": 0,
          "private": "eyJzY2hlbWFfdmVyc2lvbiI6IjEifQ=="
        }
      ]
    },
    {
      "module": "module.github_repository",
      "mode": "managed",
      "type": "github_repository_environment",
      "name": "app_cd",
      "provider": "provider[\"registry.terraform.io/integrations/github\"]",
      "instances": [
        {
          "index_key": "dev",
          "schema_version": 0,
          "attributes": {
            "can_admins_bypass": true,
            "deployment_branch_policy": [
              {
                "custom_branch_policies": true,
                "protected_branches": false
              }
            ],
            "environment": "app-dev-cd",
            "id": "selfcare-monorepo-poc:app-dev-cd",
            "prevent_self_review": false,
            "repository": "selfcare-monorepo-poc",
            "reviewers": [
              {
                "teams": null,
                "users": null
              }
            ],
            "wait_timer": null
          },
          "sensitive_attributes": [],
          "identity_schema_version": 0,
          "private": "bnVsbA==",
          "dependencies": [
            "module.github_repository.data.github_organization_teams.all",
            "module.github_repository.github_repository.this"
          ]
        },
        {
          "index_key": "uat",
          "schema_version": 0,
          "attributes": {
            "can_admins_bypass": true,
            "deployment_branch_policy": [
              {
                "custom_branch_policies": true,
                "protected_branches": false
              }
            ],
            "environment": "app-uat-cd",
            "id": "selfcare-monorepo-poc:app-uat-cd",
            "prevent_self_review": false,
            "repository": "selfcare-monorepo-poc",
            "reviewers": [
              {
                "teams": null,
                "users": null
              }
            ],
            "wait_timer": null
          },
          "sensitive_attributes": [],
          "identity_schema_version": 0,
          "private": "bnVsbA==",
          "dependencies": [
            "module.github_repository.data.github_organization_teams.all",
            "module.github_repository.github_repository.this"
          ]
        }
      ]
    },
    {
      "module": "module.github_repository",
      "mode": "managed",
      "type": "github_repository_environment",
      "name": "app_ci",
      "provider": "provider[\"registry.terraform.io/integrations/github\"]",
      "instances": [
        {
          "index_key": "dev",
          "schema_version": 0,
          "attributes": {
            "can_admins_bypass": true,
            "deployment_branch_policy": [
              {
                "custom_branch_policies": true,
                "protected_branches": false
              }
            ],
            "environment": "app-dev-ci",
            "id": "selfcare-monorepo-poc:app-dev-ci",
            "prevent_self_review": false,
            "repository": "selfcare-monorepo-poc",
            "reviewers": [],
            "wait_timer": null
          },
          "sensitive_attributes": [],
          "identity_schema_version": 0,
          "private": "bnVsbA==",
          "dependencies": [
            "module.github_repository.github_repository.this"
          ]
        },
        {
          "index_key": "uat",
          "schema_version": 0,
          "attributes": {
            "can_admins_bypass": true,
            "deployment_branch_policy": [
              {
                "custom_branch_policies": true,
                "protected_branches": false
              }
            ],
            "environment": "app-uat-ci",
            "id": "selfcare-monorepo-poc:app-uat-ci",
            "prevent_self_review": false,
            "repository": "selfcare-monorepo-poc",
            "reviewers": [],
            "wait_timer": null
          },
          "sensitive_attributes": [],
          "identity_schema_version": 0,
          "private": "bnVsbA==",
          "dependencies": [
            "module.github_repository.github_repository.this"
          ]
        }
      ]
    },
    {
      "module": "module.github_repository",
      "mode": "managed",
      "type": "github_repository_environment",
      "name": "infra_cd",
      "provider": "provider[\"registry.terraform.io/integrations/github\"]",
      "instances": [
        {
          "index_key": "dev",
          "schema_version": 0,
          "attributes": {
            "can_admins_bypass": true,
            "deployment_branch_policy": [
              {
                "custom_branch_policies": true,
                "protected_branches": false
              }
            ],
            "environment": "infra-dev-cd",
            "id": "selfcare-monorepo-poc:infra-dev-cd",
            "prevent_self_review": false,
            "repository": "selfcare-monorepo-poc",
            "reviewers": [
              {
                "teams": null,
                "users": null
              }
            ],
            "wait_timer": null
          },
          "sensitive_attributes": [],
          "identity_schema_version": 0,
          "private": "bnVsbA==",
          "dependencies": [
            "module.github_repository.data.github_organization_teams.all",
            "module.github_repository.github_repository.this"
          ]
        },
        {
          "index_key": "uat",
          "schema_version": 0,
          "attributes": {
            "can_admins_bypass": true,
            "deployment_branch_policy": [
              {
                "custom_branch_policies": true,
                "protected_branches": false
              }
            ],
            "environment": "infra-uat-cd",
            "id": "selfcare-monorepo-poc:infra-uat-cd",
            "prevent_self_review": false,
            "repository": "selfcare-monorepo-poc",
            "reviewers": [
              {
                "teams": null,
                "users": null
              }
            ],
            "wait_timer": null
          },
          "sensitive_attributes": [],
          "identity_schema_version": 0,
          "private": "bnVsbA==",
          "dependencies": [
            "module.github_repository.data.github_organization_teams.all",
            "module.github_repository.github_repository.this"
          ]
        }
      ]
    },
    {
      "module": "module.github_repository",
      "mode": "managed",
      "type": "github_repository_environment",
      "name": "infra_ci",
      "provider": "provider[\"registry.terraform.io/integrations/github\"]",
      "instances": [
        {
          "index_key": "dev",
          "schema_version": 0,
          "attributes": {
            "can_admins_bypass": true,
            "deployment_branch_policy": [
              {
                "custom_branch_policies": true,
                "protected_branches": false
              }
            ],
            "environment": "infra-dev-ci",
            "id": "selfcare-monorepo-poc:infra-dev-ci",
            "prevent_self_review": false,
            "repository": "selfcare-monorepo-poc",
            "reviewers": [],
            "wait_timer": null
          },
          "sensitive_attributes": [],
          "identity_schema_version": 0,
          "private": "bnVsbA==",
          "dependencies": [
            "module.github_repository.github_repository.this"
          ]
        },
        {
          "index_key": "uat",
          "schema_version": 0,
          "attributes": {
            "can_admins_bypass": true,
            "deployment_branch_policy": [
              {
                "custom_branch_policies": true,
                "protected_branches": false
              }
            ],
            "environment": "infra-uat-ci",
            "id": "selfcare-monorepo-poc:infra-uat-ci",
            "prevent_self_review": false,
            "repository": "selfcare-monorepo-poc",
            "reviewers": [],
            "wait_timer": null
          },
          "sensitive_attributes": [],
          "identity_schema_version": 0,
          "private": "bnVsbA==",
          "dependencies": [
            "module.github_repository.github_repository.this"
          ]
        }
      ]
    },
    {
      "module": "module.github_repository",
      "mode": "managed",
      "type": "github_repository_environment",
      "name": "opex_cd",
      "provider": "provider[\"registry.terraform.io/integrations/github\"]",
      "instances": [
        {
          "index_key": "dev",
          "schema_version": 0,
          "attributes": {
            "can_admins_bypass": true,
            "deployment_branch_policy": [
              {
                "custom_branch_policies": true,
                "protected_branches": false
              }
            ],
            "environment": "opex-dev-cd",
            "id": "selfcare-monorepo-poc:opex-dev-cd",
            "prevent_self_review": false,
            "repository": "selfcare-monorepo-poc",
            "reviewers": [
              {
                "teams": null,
                "users": null
              }
            ],
            "wait_timer": null
          },
          "sensitive_attributes": [],
          "identity_schema_version": 0,
          "private": "bnVsbA==",
          "dependencies": [
            "module.github_repository.data.github_organization_teams.all",
            "module.github_repository.github_repository.this"
          ]
        },
        {
          "index_key": "uat",
          "schema_version": 0,
          "attributes": {
            "can_admins_bypass": true,
            "deployment_branch_policy": [
              {
                "custom_branch_policies": true,
                "protected_branches": false
              }
            ],
            "environment": "opex-uat-cd",
            "id": "selfcare-monorepo-poc:opex-uat-cd",
            "prevent_self_review": false,
            "repository": "selfcare-monorepo-poc",
            "reviewers": [
              {
                "teams": null,
                "users": null
              }
            ],
            "wait_timer": null
          },
          "sensitive_attributes": [],
          "identity_schema_version": 0,
          "private": "bnVsbA==",
          "dependencies": [
            "module.github_repository.data.github_organization_teams.all",
            "module.github_repository.github_repository.this"
          ]
        }
      ]
    },
    {
      "module": "module.github_repository",
      "mode": "managed",
      "type": "github_repository_environment",
      "name": "opex_ci",
      "provider": "provider[\"registry.terraform.io/integrations/github\"]",
      "instances": [
        {
          "index_key": "dev",
          "schema_version": 0,
          "attributes": {
            "can_admins_bypass": true,
            "deployment_branch_policy": [
              {
                "custom_branch_policies": true,
                "protected_branches": false
              }
            ],
            "environment": "opex-dev-ci",
            "id": "selfcare-monorepo-poc:opex-dev-ci",
            "prevent_self_review": false,
            "repository": "selfcare-monorepo-poc",
            "reviewers": [],
            "wait_timer": null
          },
          "sensitive_attributes": [],
          "identity_schema_version": 0,
          "private": "bnVsbA==",
          "dependencies": [
            "module.github_repository.github_repository.this"
          ]
        },
        {
          "index_key": "uat",
          "schema_version": 0,
          "attributes": {
            "can_admins_bypass": true,
            "deployment_branch_policy": [
              {
                "custom_branch_policies": true,
                "protected_branches": false
              }
            ],
            "environment": "opex-uat-ci",
            "id": "selfcare-monorepo-poc:opex-uat-ci",
            "prevent_self_review": false,
            "repository": "selfcare-monorepo-poc",
            "reviewers": [],
            "wait_timer": null
          },
          "sensitive_attributes": [],
          "identity_schema_version": 0,
          "private": "bnVsbA==",
          "dependencies": [
            "module.github_repository.github_repository.this"
          ]
        }
      ]
    },
    {
      "module": "module.github_repository",
      "mode": "managed",
      "type": "github_repository_environment_deployment_policy",
      "name": "app_cd_branch",
      "provider": "provider[\"registry.terraform.io/integrations/github\"]",
      "instances": [
        {
          "index_key": "dev-main",
          "schema_version": 0,
          "attributes": {
            "branch_pattern": "main",
            "environment": "app-dev-cd",
            "id": "selfcare-monorepo-poc:app-dev-cd:42339675",
            "repository": "selfcare-monorepo-poc",
            "tag_pattern": null
          },
          "sensitive_attributes": [],
          "identity_schema_version": 0,
          "private": "bnVsbA==",
          "dependencies": [
            "module.github_repository.data.github_organization_teams.all",
            "module.github_repository.github_repository.this",
            "module.github_repository.github_repository_environment.app_cd"
          ]
        },
        {
          "index_key": "uat-main",
          "schema_version": 0,
          "attributes": {
            "branch_pattern": "main",
            "environment": "app-uat-cd",
            "id": "selfcare-monorepo-poc:app-uat-cd:42339677",
            "repository": "selfcare-monorepo-poc",
            "tag_pattern": null
          },
          "sensitive_attributes": [],
          "identity_schema_version": 0,
          "private": "bnVsbA==",
          "dependencies": [
            "module.github_repository.data.github_organization_teams.all",
            "module.github_repository.github_repository.this",
            "module.github_repository.github_repository_environment.app_cd"
          ]
        }
      ]
    },
    {
      "module": "module.github_repository",
      "mode": "managed",
      "type": "github_repository_environment_deployment_policy",
      "name": "infra_cd_branch",
      "provider": "provider[\"registry.terraform.io/integrations/github\"]",
      "instances": [
        {
          "index_key": "dev-main",
          "schema_version": 0,
          "attributes": {
            "branch_pattern": "main",
            "environment": "infra-dev-cd",
            "id": "selfcare-monorepo-poc:infra-dev-cd:42339679",
            "repository": "selfcare-monorepo-poc",
            "tag_pattern": null
          },
          "sensitive_attributes": [],
          "identity_schema_version": 0,
          "private": "bnVsbA==",
          "dependencies": [
            "module.github_repository.data.github_organization_teams.all",
            "module.github_repository.github_repository.this",
            "module.github_repository.github_repository_environment.infra_cd"
          ]
        },
        {
          "index_key": "uat-main",
          "schema_version": 0,
          "attributes": {
            "branch_pattern": "main",
            "environment": "infra-uat-cd",
            "id": "selfcare-monorepo-poc:infra-uat-cd:42339685",
            "repository": "selfcare-monorepo-poc",
            "tag_pattern": null
          },
          "sensitive_attributes": [],
          "identity_schema_version": 0,
          "private": "bnVsbA==",
          "dependencies": [
            "module.github_repository.data.github_organization_teams.all",
            "module.github_repository.github_repository.this",
            "module.github_repository.github_repository_environment.infra_cd"
          ]
        }
      ]
    },
    {
      "module": "module.github_repository",
      "mode": "managed",
      "type": "github_repository_environment_deployment_policy",
      "name": "opex_cd_branch",
      "provider": "provider[\"registry.terraform.io/integrations/github\"]",
      "instances": [
        {
          "index_key": "dev-main",
          "schema_version": 0,
          "attributes": {
            "branch_pattern": "main",
            "environment": "opex-dev-cd",
            "id": "selfcare-monorepo-poc:opex-dev-cd:42339693",
            "repository": "selfcare-monorepo-poc",
            "tag_pattern": null
          },
          "sensitive_attributes": [],
          "identity_schema_version": 0,
          "private": "bnVsbA==",
          "dependencies": [
            "module.github_repository.data.github_organization_teams.all",
            "module.github_repository.github_repository.this",
            "module.github_repository.github_repository_environment.opex_cd"
          ]
        },
        {
          "index_key": "uat-main",
          "schema_version": 0,
          "attributes": {
            "branch_pattern": "main",
            "environment": "opex-uat-cd",
            "id": "selfcare-monorepo-poc:opex-uat-cd:42339698",
            "repository": "selfcare-monorepo-poc",
            "tag_pattern": null
          },
          "sensitive_attributes": [],
          "identity_schema_version": 0,
          "private": "bnVsbA==",
          "dependencies": [
            "module.github_repository.data.github_organization_teams.all",
            "module.github_repository.github_repository.this",
            "module.github_repository.github_repository_environment.opex_cd"
          ]
        }
      ]
    },
    {
      "module": "module.github_repository",
      "mode": "managed",
      "type": "null_resource",
      "name": "workflow_permissions",
      "provider": "provider[\"registry.terraform.io/hashicorp/null\"]",
      "instances": [
        {
          "schema_version": 0,
          "attributes": {
            "id": "5466364523473823692",
            "triggers": {
              "repo": "pagopa/selfcare-monorepo-poc"
            }
          },
          "sensitive_attributes": [],
          "identity_schema_version": 0,
          "dependencies": [
            "module.github_repository.github_repository.this"
          ]
        }
      ]
    }
  ],
  "check_results": null
}
